{
  "name": "meiosis-setup-example-snippets",
  "version": "6.0.0",
  "lockfileVersion": 2,
  "requires": true,
  "packages": {
    "": {
      "name": "meiosis-setup-example-snippets",
      "version": "6.0.0",
      "license": "MIT",
      "dependencies": {
        "meiosis-setup": "^6.0.0-beta.23"
      },
      "devDependencies": {
        "typescript": "^4.7.4"
      }
    },
    "node_modules/meiosis-setup": {
      "version": "6.0.0-beta.23",
      "resolved": "https://registry.npmjs.org/meiosis-setup/-/meiosis-setup-6.0.0-beta.23.tgz",
      "integrity": "sha512-20QUG6ZorRwPwjmtPefTx63oF18JAqHeA+37FLE4n40WB5sP/p9y6cXWPy2yBg6fzqhx7typ7jXQNsiw2fL1zw==",
      "dependencies": {
        "mergerino": "^0.4.0"
      }
    },
    "node_modules/mergerino": {
      "version": "0.4.0",
      "resolved": "https://registry.npmjs.org/mergerino/-/mergerino-0.4.0.tgz",
      "integrity": "sha512-dvyWWLp9GN7OZoAoqn1u2ewCDV06oggVi6AwFsgHxUV8jNnaTOMEyux3fZ7Njm7Hg/ypK2+M0p6liCIEWcJnbg=="
    },
    "node_modules/typescript": {
      "version": "4.7.4",
      "resolved": "https://registry.npmjs.org/typescript/-/typescript-4.7.4.tgz",
      "integrity": "sha512-C0WQT0gezHuw6AdY1M2jxUO83Rjf0HP7Sk1DtXj6j1EwkQNZrHAg2XPWlq62oqEhYvONq5pkC2Y9oPljWToLmQ==",
      "dev": true,
      "bin": {
        "tsc": "bin/tsc",
        "tsserver": "bin/tsserver"
      },
      "engines": {
        "node": ">=4.2.0"
      }
    }
  },
  "dependencies": {
    "meiosis-setup": {
      "version": "6.0.0-beta.23",
      "resolved": "https://registry.npmjs.org/meiosis-setup/-/meiosis-setup-6.0.0-beta.23.tgz",
      "integrity": "sha512-20QUG6ZorRwPwjmtPefTx63oF18JAqHeA+37FLE4n40WB5sP/p9y6cXWPy2yBg6fzqhx7typ7jXQNsiw2fL1zw==",
      "requires": {
        "mergerino": "^0.4.0"
      }
    },
    "mergerino": {
      "version": "0.4.0",
      "resolved": "https://registry.npmjs.org/mergerino/-/mergerino-0.4.0.tgz",
      "integrity": "sha512-dvyWWLp9GN7OZoAoqn1u2ewCDV06oggVi6AwFsgHxUV8jNnaTOMEyux3fZ7Njm7Hg/ypK2+M0p6liCIEWcJnbg=="
    },
    "typescript": {
      "version": "4.7.4",
      "resolved": "https://registry.npmjs.org/typescript/-/typescript-4.7.4.tgz",
      "integrity": "sha512-C0WQT0gezHuw6AdY1M2jxUO83Rjf0HP7Sk1DtXj6j1EwkQNZrHAg2XPWlq62oqEhYvONq5pkC2Y9oPljWToLmQ==",
      "dev": true
    }
  }
}
